{
  "name": "app",
  "lockfileVersion": 2,
  "requires": true,
  "packages": {
    "": {
      "name": "app",
      "dependencies": {
        "@hotwired/stimulus": "^3.2.1",
        "esbuild": "^0.17.5"
      }
    },
    "node_modules/@esbuild/linux-x64": {
      "version": "0.17.5",
      "resolved": "https://registry.npmjs.org/@esbuild/linux-x64/-/linux-x64-0.17.5.tgz",
      "integrity": "sha512-vnxuhh9e4pbtABNLbT2ANW4uwQ/zvcHRCm1JxaYkzSehugoFd5iXyC4ci1nhXU13mxEwCnrnTIiiSGwa/uAF1g==",
      "cpu": [
        "x64"
      ],
      "license": "MIT",
      "optional": true,
      "os": [
        "linux"
      ],
      "engines": {
        "node": ">=12"
      }
    },
    "node_modules/@hotwired/stimulus": {
      "version": "3.2.1",
      "resolved": "https://registry.npmjs.org/@hotwired/stimulus/-/stimulus-3.2.1.tgz",
      "integrity": "sha512-HGlzDcf9vv/EQrMJ5ZG6VWNs8Z/xMN+1o2OhV1gKiSG6CqZt5MCBB1gRg5ILiN3U0jEAxuDTNPRfBcnZBDmupQ==",
      "license": "MIT"
    },
    "node_modules/esbuild": {
      "version": "0.17.5",
      "resolved": "https://registry.npmjs.org/esbuild/-/esbuild-0.17.5.tgz",
      "integrity": "sha512-Bu6WLCc9NMsNoMJUjGl3yBzTjVLXdysMltxQWiLAypP+/vQrf+3L1Xe8fCXzxaECus2cEJ9M7pk4yKatEwQMqQ==",
      "hasInstallScript": true,
      "license": "MIT",
      "bin": {
        "esbuild": "bin/esbuild"
      },
      "engines": {
        "node": ">=12"
      },
      "optionalDependencies": {
        "@esbuild/android-arm": "0.17.5",
        "@esbuild/android-arm64": "0.17.5",
        "@esbuild/android-x64": "0.17.5",
        "@esbuild/darwin-arm64": "0.17.5",
        "@esbuild/darwin-x64": "0.17.5",
        "@esbuild/freebsd-arm64": "0.17.5",
        "@esbuild/freebsd-x64": "0.17.5",
        "@esbuild/linux-arm": "0.17.5",
        "@esbuild/linux-arm64": "0.17.5",
        "@esbuild/linux-ia32": "0.17.5",
        "@esbuild/linux-loong64": "0.17.5",
        "@esbuild/linux-mips64el": "0.17.5",
        "@esbuild/linux-ppc64": "0.17.5",
        "@esbuild/linux-riscv64": "0.17.5",
        "@esbuild/linux-s390x": "0.17.5",
        "@esbuild/linux-x64": "0.17.5",
        "@esbuild/netbsd-x64": "0.17.5",
        "@esbuild/openbsd-x64": "0.17.5",
        "@esbuild/sunos-x64": "0.17.5",
        "@esbuild/win32-arm64": "0.17.5",
        "@esbuild/win32-ia32": "0.17.5",
        "@esbuild/win32-x64": "0.17.5"
      }
    }
  },
  "dependencies": {
    "@esbuild/linux-x64": {
      "version": "0.17.5",
      "resolved": "https://registry.npmjs.org/@esbuild/linux-x64/-/linux-x64-0.17.5.tgz",
      "integrity": "sha512-vnxuhh9e4pbtABNLbT2ANW4uwQ/zvcHRCm1JxaYkzSehugoFd5iXyC4ci1nhXU13mxEwCnrnTIiiSGwa/uAF1g==",
      "optional": true
    },
    "@hotwired/stimulus": {
      "version": "3.2.1",
      "resolved": "https://registry.npmjs.org/@hotwired/stimulus/-/stimulus-3.2.1.tgz",
      "integrity": "sha512-HGlzDcf9vv/EQrMJ5ZG6VWNs8Z/xMN+1o2OhV1gKiSG6CqZt5MCBB1gRg5ILiN3U0jEAxuDTNPRfBcnZBDmupQ=="
    },
    "esbuild": {
      "version": "0.17.5",
      "resolved": "https://registry.npmjs.org/esbuild/-/esbuild-0.17.5.tgz",
      "integrity": "sha512-Bu6WLCc9NMsNoMJUjGl3yBzTjVLXdysMltxQWiLAypP+/vQrf+3L1Xe8fCXzxaECus2cEJ9M7pk4yKatEwQMqQ==",
      "requires": {
        "@esbuild/android-arm": "0.17.5",
        "@esbuild/android-arm64": "0.17.5",
        "@esbuild/android-x64": "0.17.5",
        "@esbuild/darwin-arm64": "0.17.5",
        "@esbuild/darwin-x64": "0.17.5",
        "@esbuild/freebsd-arm64": "0.17.5",
        "@esbuild/freebsd-x64": "0.17.5",
        "@esbuild/linux-arm": "0.17.5",
        "@esbuild/linux-arm64": "0.17.5",
        "@esbuild/linux-ia32": "0.17.5",
        "@esbuild/linux-loong64": "0.17.5",
        "@esbuild/linux-mips64el": "0.17.5",
        "@esbuild/linux-ppc64": "0.17.5",
        "@esbuild/linux-riscv64": "0.17.5",
        "@esbuild/linux-s390x": "0.17.5",
        "@esbuild/linux-x64": "0.17.5",
        "@esbuild/netbsd-x64": "0.17.5",
        "@esbuild/openbsd-x64": "0.17.5",
        "@esbuild/sunos-x64": "0.17.5",
        "@esbuild/win32-arm64": "0.17.5",
        "@esbuild/win32-ia32": "0.17.5",
        "@esbuild/win32-x64": "0.17.5"
      }
    }
  }
}
